
Microsoft Visual Studio Solution File, Format Version 12.00
# Visual Studio Version 17
VisualStudioVersion = 17.2.32630.192
MinimumVisualStudioVersion = 10.0.40219.1
Project("{9A19103F-16F7-4668-BE54-9A1E7A4F7556}") = "TopicLambda", "TopicLambda\TopicLambda.csproj", "{1FD12250-31CA-4088-994D-4C627D8FA00B}"
EndProject
Global
	GlobalSection(SolutionConfigurationPlatforms) = preSolution
		Debug|Any CPU = Debug|Any CPU
		Release|Any CPU = Release|Any CPU
	EndGlobalSection
	GlobalSection(ProjectConfigurationPlatforms) = postSolution
		{1FD12250-31CA-4088-994D-4C627D8FA00B}.Debug|Any CPU.ActiveCfg = Debug|Any CPU
		{1FD12250-31CA-4088-994D-4C627D8FA00B}.Debug|Any CPU.Build.0 = Debug|Any CPU
		{1FD12250-31CA-4088-994D-4C627D8FA00B}.Release|Any CPU.ActiveCfg = Release|Any CPU
		{1FD12250-31CA-4088-994D-4C627D8FA00B}.Release|Any CPU.Build.0 = Release|Any CPU
	EndGlobalSection
	GlobalSection(SolutionProperties) = preSolution
		HideSolutionNode = FALSE
	EndGlobalSection
	GlobalSection(ExtensibilityGlobals) = postSolution
		SolutionGuid = {0C2020CB-C169-4980-B4C6-6E9CF8299EBA}
	EndGlobalSection
EndGlobal
